
Microsoft Visual Studio Solution File, Format Version 12.00
# Visual Studio Version 16
VisualStudioVersion = 16.0.32228.343
MinimumVisualStudioVersion = 10.0.40219.1
Project("{FAE04EC0-301F-11D3-BF4B-00C04F79EFBC}") = "clubNauticoProyecto", "clubNauticoProyecto\clubNauticoProyecto.csproj", "{F5DF5F32-473E-4D51-BFBE-3999B9E4C22F}"
EndProject
Global
	GlobalSection(SolutionConfigurationPlatforms) = preSolution
		Debug|Any CPU = Debug|Any CPU
		Release|Any CPU = Release|Any CPU
	EndGlobalSection
	GlobalSection(ProjectConfigurationPlatforms) = postSolution
		{F5DF5F32-473E-4D51-BFBE-3999B9E4C22F}.Debug|Any CPU.ActiveCfg = Debug|Any CPU
		{F5DF5F32-473E-4D51-BFBE-3999B9E4C22F}.Debug|Any CPU.Build.0 = Debug|Any CPU
		{F5DF5F32-473E-4D51-BFBE-3999B9E4C22F}.Release|Any CPU.ActiveCfg = Release|Any CPU
		{F5DF5F32-473E-4D51-BFBE-3999B9E4C22F}.Release|Any CPU.Build.0 = Release|Any CPU
	EndGlobalSection
	GlobalSection(SolutionProperties) = preSolution
		HideSolutionNode = FALSE
	EndGlobalSection
	GlobalSection(ExtensibilityGlobals) = postSolution
		SolutionGuid = {4B8E394C-A832-46BD-9FA8-FFAA618584F7}
	EndGlobalSection
EndGlobal
